
Microsoft Visual Studio Solution File, Format Version 12.00
# Visual Studio Version 16
VisualStudioVersion = 16.0.31313.79
MinimumVisualStudioVersion = 10.0.40219.1
Project("{9A19103F-16F7-4668-BE54-9A1E7A4F7556}") = "AcctCore", "AcctCore.csproj", "{925E7A4D-85DF-4492-96D8-A0262221C9C3}"
EndProject
Project("{9A19103F-16F7-4668-BE54-9A1E7A4F7556}") = "AcctCoreData", "..\AcctCore Libraries\AcctCoreData\AcctCoreData.csproj", "{5ED0138C-D23C-4631-8FAB-7C909684CBA4}"
EndProject
Project("{9A19103F-16F7-4668-BE54-9A1E7A4F7556}") = "AcctCoreDomain", "..\AcctCore Libraries\AcctCoreDomain\AcctCoreDomain.csproj", "{94256F2F-1D3F-4B78-99F8-3C30FD7F74DF}"
EndProject
Global
	GlobalSection(SolutionConfigurationPlatforms) = preSolution
		Debug|Any CPU = Debug|Any CPU
		Release|Any CPU = Release|Any CPU
	EndGlobalSection
	GlobalSection(ProjectConfigurationPlatforms) = postSolution
		{925E7A4D-85DF-4492-96D8-A0262221C9C3}.Debug|Any CPU.ActiveCfg = Debug|Any CPU
		{925E7A4D-85DF-4492-96D8-A0262221C9C3}.Debug|Any CPU.Build.0 = Debug|Any CPU
		{925E7A4D-85DF-4492-96D8-A0262221C9C3}.Release|Any CPU.ActiveCfg = Release|Any CPU
		{925E7A4D-85DF-4492-96D8-A0262221C9C3}.Release|Any CPU.Build.0 = Release|Any CPU
		{5ED0138C-D23C-4631-8FAB-7C909684CBA4}.Debug|Any CPU.ActiveCfg = Debug|Any CPU
		{5ED0138C-D23C-4631-8FAB-7C909684CBA4}.Debug|Any CPU.Build.0 = Debug|Any CPU
		{5ED0138C-D23C-4631-8FAB-7C909684CBA4}.Release|Any CPU.ActiveCfg = Release|Any CPU
		{5ED0138C-D23C-4631-8FAB-7C909684CBA4}.Release|Any CPU.Build.0 = Release|Any CPU
		{94256F2F-1D3F-4B78-99F8-3C30FD7F74DF}.Debug|Any CPU.ActiveCfg = Debug|Any CPU
		{94256F2F-1D3F-4B78-99F8-3C30FD7F74DF}.Debug|Any CPU.Build.0 = Debug|Any CPU
		{94256F2F-1D3F-4B78-99F8-3C30FD7F74DF}.Release|Any CPU.ActiveCfg = Release|Any CPU
		{94256F2F-1D3F-4B78-99F8-3C30FD7F74DF}.Release|Any CPU.Build.0 = Release|Any CPU
	EndGlobalSection
	GlobalSection(SolutionProperties) = preSolution
		HideSolutionNode = FALSE
	EndGlobalSection
	GlobalSection(ExtensibilityGlobals) = postSolution
		SolutionGuid = {0678368D-AE9A-48D5-B820-BB925C01680E}
	EndGlobalSection
EndGlobal
